
Microsoft Visual Studio Solution File, Format Version 12.00
# Visual Studio 15
VisualStudioVersion = 15.0.27130.2020
MinimumVisualStudioVersion = 10.0.40219.1
Project("{FAE04EC0-301F-11D3-BF4B-00C04F79EFBC}") = "Rogue II NoMusic", "Rogue II NoMusic\Rogue II NoMusic.csproj", "{55E1FEC0-D1C0-4A57-AFF7-DAF02F07ADF2}"
EndProject
Global
	GlobalSection(SolutionConfigurationPlatforms) = preSolution
		Debug|Any CPU = Debug|Any CPU
		Release|Any CPU = Release|Any CPU
	EndGlobalSection
	GlobalSection(ProjectConfigurationPlatforms) = postSolution
		{55E1FEC0-D1C0-4A57-AFF7-DAF02F07ADF2}.Debug|Any CPU.ActiveCfg = Debug|Any CPU
		{55E1FEC0-D1C0-4A57-AFF7-DAF02F07ADF2}.Debug|Any CPU.Build.0 = Debug|Any CPU
		{55E1FEC0-D1C0-4A57-AFF7-DAF02F07ADF2}.Release|Any CPU.ActiveCfg = Release|Any CPU
		{55E1FEC0-D1C0-4A57-AFF7-DAF02F07ADF2}.Release|Any CPU.Build.0 = Release|Any CPU
	EndGlobalSection
	GlobalSection(SolutionProperties) = preSolution
		HideSolutionNode = FALSE
	EndGlobalSection
	GlobalSection(ExtensibilityGlobals) = postSolution
		SolutionGuid = {8369E67E-6404-4720-80F4-0CCD24780C96}
	EndGlobalSection
EndGlobal
